
Microsoft Visual Studio Solution File, Format Version 12.00
# Visual Studio Version 17
VisualStudioVersion = 17.3.32804.467
MinimumVisualStudioVersion = 10.0.40219.1
Project("{2150E333-8FDC-42A3-9474-1A3956D46DE8}") = "Apllication", "Apllication", "{4F2930A3-0F39-4C16-AD1B-738FC58D57A8}"
EndProject
Project("{2150E333-8FDC-42A3-9474-1A3956D46DE8}") = "API", "API", "{09C6D46B-4A95-463A-9878-87C334418BFF}"
EndProject
Project("{2150E333-8FDC-42A3-9474-1A3956D46DE8}") = "Tools", "Tools", "{318A9BF1-DDDC-4E95-9A5C-34744C7A9465}"
EndProject
Project("{9A19103F-16F7-4668-BE54-9A1E7A4F7556}") = "Models", "Models\Models.csproj", "{4E647D1F-46E5-4C80-8C05-9DCDB7CD25D3}"
EndProject
Project("{9A19103F-16F7-4668-BE54-9A1E7A4F7556}") = "ModelsDb", "ModelsDb\ModelsDb.csproj", "{E27CB6F2-E9D5-4E81-8FC3-A896213D63E4}"
EndProject
Project("{9A19103F-16F7-4668-BE54-9A1E7A4F7556}") = "Services", "Services\Services.csproj", "{FA8A34EF-FF6B-4EA4-91FA-67BB252509C6}"
EndProject
Project("{9A19103F-16F7-4668-BE54-9A1E7A4F7556}") = "ServicesTests", "ServicesTests\ServicesTests.csproj", "{E84D4B5C-5173-4847-B9E2-7C0BE73E7A25}"
EndProject
Project("{FAE04EC0-301F-11D3-BF4B-00C04F79EFBC}") = "BulletinBoardAPI", "BulletinBoardAPI\BulletinBoardAPI.csproj", "{43075DC4-531F-438F-9376-B746DF1A4AD6}"
EndProject
Global
	GlobalSection(SolutionConfigurationPlatforms) = preSolution
		Debug|Any CPU = Debug|Any CPU
		Release|Any CPU = Release|Any CPU
	EndGlobalSection
	GlobalSection(ProjectConfigurationPlatforms) = postSolution
		{4E647D1F-46E5-4C80-8C05-9DCDB7CD25D3}.Debug|Any CPU.ActiveCfg = Debug|Any CPU
		{4E647D1F-46E5-4C80-8C05-9DCDB7CD25D3}.Debug|Any CPU.Build.0 = Debug|Any CPU
		{4E647D1F-46E5-4C80-8C05-9DCDB7CD25D3}.Release|Any CPU.ActiveCfg = Release|Any CPU
		{4E647D1F-46E5-4C80-8C05-9DCDB7CD25D3}.Release|Any CPU.Build.0 = Release|Any CPU
		{E27CB6F2-E9D5-4E81-8FC3-A896213D63E4}.Debug|Any CPU.ActiveCfg = Debug|Any CPU
		{E27CB6F2-E9D5-4E81-8FC3-A896213D63E4}.Debug|Any CPU.Build.0 = Debug|Any CPU
		{E27CB6F2-E9D5-4E81-8FC3-A896213D63E4}.Release|Any CPU.ActiveCfg = Release|Any CPU
		{E27CB6F2-E9D5-4E81-8FC3-A896213D63E4}.Release|Any CPU.Build.0 = Release|Any CPU
		{FA8A34EF-FF6B-4EA4-91FA-67BB252509C6}.Debug|Any CPU.ActiveCfg = Debug|Any CPU
		{FA8A34EF-FF6B-4EA4-91FA-67BB252509C6}.Debug|Any CPU.Build.0 = Debug|Any CPU
		{FA8A34EF-FF6B-4EA4-91FA-67BB252509C6}.Release|Any CPU.ActiveCfg = Release|Any CPU
		{FA8A34EF-FF6B-4EA4-91FA-67BB252509C6}.Release|Any CPU.Build.0 = Release|Any CPU
		{E84D4B5C-5173-4847-B9E2-7C0BE73E7A25}.Debug|Any CPU.ActiveCfg = Debug|Any CPU
		{E84D4B5C-5173-4847-B9E2-7C0BE73E7A25}.Debug|Any CPU.Build.0 = Debug|Any CPU
		{E84D4B5C-5173-4847-B9E2-7C0BE73E7A25}.Release|Any CPU.ActiveCfg = Release|Any CPU
		{E84D4B5C-5173-4847-B9E2-7C0BE73E7A25}.Release|Any CPU.Build.0 = Release|Any CPU
		{43075DC4-531F-438F-9376-B746DF1A4AD6}.Debug|Any CPU.ActiveCfg = Debug|Any CPU
		{43075DC4-531F-438F-9376-B746DF1A4AD6}.Debug|Any CPU.Build.0 = Debug|Any CPU
		{43075DC4-531F-438F-9376-B746DF1A4AD6}.Release|Any CPU.ActiveCfg = Release|Any CPU
		{43075DC4-531F-438F-9376-B746DF1A4AD6}.Release|Any CPU.Build.0 = Release|Any CPU
	EndGlobalSection
	GlobalSection(SolutionProperties) = preSolution
		HideSolutionNode = FALSE
	EndGlobalSection
	GlobalSection(NestedProjects) = preSolution
		{4E647D1F-46E5-4C80-8C05-9DCDB7CD25D3} = {4F2930A3-0F39-4C16-AD1B-738FC58D57A8}
		{E27CB6F2-E9D5-4E81-8FC3-A896213D63E4} = {4F2930A3-0F39-4C16-AD1B-738FC58D57A8}
		{FA8A34EF-FF6B-4EA4-91FA-67BB252509C6} = {4F2930A3-0F39-4C16-AD1B-738FC58D57A8}
		{E84D4B5C-5173-4847-B9E2-7C0BE73E7A25} = {4F2930A3-0F39-4C16-AD1B-738FC58D57A8}
		{43075DC4-531F-438F-9376-B746DF1A4AD6} = {09C6D46B-4A95-463A-9878-87C334418BFF}
	EndGlobalSection
	GlobalSection(ExtensibilityGlobals) = postSolution
		SolutionGuid = {8A1AF2EA-A460-4E18-A8B1-79873A947994}
	EndGlobalSection
EndGlobal
